
Microsoft Visual Studio Solution File, Format Version 12.00
# Visual Studio Version 16
VisualStudioVersion = 16.0.30517.126
MinimumVisualStudioVersion = 10.0.40219.1
Project("{FAE04EC0-301F-11D3-BF4B-00C04F79EFBC}") = "HLACaptionReplacer", "HLACaptionReplacer\HLACaptionReplacer.csproj", "{57C281D1-AE57-4532-AAC4-972B12D994F2}"
EndProject
Global
	GlobalSection(SolutionConfigurationPlatforms) = preSolution
		Debug|Any CPU = Debug|Any CPU
		Release|Any CPU = Release|Any CPU
	EndGlobalSection
	GlobalSection(ProjectConfigurationPlatforms) = postSolution
		{57C281D1-AE57-4532-AAC4-972B12D994F2}.Debug|Any CPU.ActiveCfg = Debug|Any CPU
		{57C281D1-AE57-4532-AAC4-972B12D994F2}.Debug|Any CPU.Build.0 = Debug|Any CPU
		{57C281D1-AE57-4532-AAC4-972B12D994F2}.Release|Any CPU.ActiveCfg = Release|Any CPU
		{57C281D1-AE57-4532-AAC4-972B12D994F2}.Release|Any CPU.Build.0 = Release|Any CPU
	EndGlobalSection
	GlobalSection(SolutionProperties) = preSolution
		HideSolutionNode = FALSE
	EndGlobalSection
	GlobalSection(ExtensibilityGlobals) = postSolution
		SolutionGuid = {6C4A237E-757C-4819-B023-A46744CA901F}
	EndGlobalSection
EndGlobal
